// !$*UTF8*$!
{
	archiveVersion = 1;
	classes = {
	};
	objectVersion = 46;
	objects = {

/* Begin PBXBuildFile section */
		52A379A91D5A6321004CC56B /* AppDelegate.swift in Sources */ = {isa = PBXBuildFile; fileRef = 52A379A81D5A6321004CC56B /* AppDelegate.swift */; };
		52A379AB1D5A6321004CC56B /* ViewController.swift in Sources */ = {isa = PBXBuildFile; fileRef = 52A379AA1D5A6321004CC56B /* ViewController.swift */; };
		52A379AE1D5A6321004CC56B /* Main.storyboard in Resources */ = {isa = PBXBuildFile; fileRef = 52A379AC1D5A6321004CC56B /* Main.storyboard */; };
		52A379B01D5A6321004CC56B /* Assets.xcassets in Resources */ = {isa = PBXBuildFile; fileRef = 52A379AF1D5A6321004CC56B /* Assets.xcassets */; };
		52A379B31D5A6321004CC56B /* LaunchScreen.storyboard in Resources */ = {isa = PBXBuildFile; fileRef = 52A379B11D5A6321004CC56B /* LaunchScreen.storyboard */; };
/* End PBXBuildFile section */

/* Begin PBXFileReference section */
		52A379A51D5A6321004CC56B /* MotivationalQuotes.app */ = {isa = PBXFileReference; explicitFileType = wrapper.application; includeInIndex = 0; path = MotivationalQuotes.app; sourceTree = BUILT_PRODUCTS_DIR; };
		52A379A81D5A6321004CC56B /* AppDelegate.swift */ = {isa = PBXFileReference; lastKnownFileType = sourcecode.swift; path = AppDelegate.swift; sourceTree = "<group>"; };
		52A379AA1D5A6321004CC56B /* ViewController.swift */ = {isa = PBXFileReference; lastKnownFileType = sourcecode.swift; path = ViewController.swift; sourceTree = "<group>"; };
		52A379AD1D5A6321004CC56B /* Base */ = {isa = PBXFileReference; lastKnownFileType = file.storyboard; name = Base; path = Base.lproj/Main.storyboard; sourceTree = "<group>"; };
		52A379AF1D5A6321004CC56B /* Assets.xcassets */ = {isa = PBXFileReference; lastKnownFileType = folder.assetcatalog; path = Assets.xcassets; sourceTree = "<group>"; };
		52A379B21D5A6321004CC56B /* Base */ = {isa = PBXFileReference; lastKnownFileType = file.storyboard; name = Base; path = Base.lproj/LaunchScreen.storyboard; sourceTree = "<group>"; };
		52A379B41D5A6321004CC56B /* Info.plist */ = {isa = PBXFileReference; lastKnownFileType = text.plist.xml; path = Info.plist; sourceTree = "<group>"; };
/* End PBXFileReference section */

/* Begin PBXFrameworksBuildPhase section */
		52A379A21D5A6321004CC56B /* Frameworks */ = {
			isa = PBXFrameworksBuildPhase;
			buildActionMask = 2147483647;
			files = (
			);
			runOnlyForDeploymentPostprocessing = 0;
		};
/* End PBXFrameworksBuildPhase section */

/* Begin PBXGroup section */
		52A3799C1D5A6321004CC56B = {
			isa = PBXGroup;
			children = (
				52A379A71D5A6321004CC56B /* MotivationalQuotes */,
				52A379A61D5A6321004CC56B /* Products */,
			);
			sourceTree = "<group>";
		};
		52A379A61D5A6321004CC56B /* Products */ = {
			isa = PBXGroup;
			children = (
				52A379A51D5A6321004CC56B /* MotivationalQuotes.app */,
			);
			name = Products;
			sourceTree = "<group>";
		};
		52A379A71D5A6321004CC56B /* MotivationalQuotes */ = {
			isa = PBXGroup;
			children = (
				52A379A81D5A6321004CC56B /* AppDelegate.swift */,
				52A379AA1D5A6321004CC56B /* ViewController.swift */,
				52A379AC1D5A6321004CC56B /* Main.storyboard */,
				52A379AF1D5A6321004CC56B /* Assets.xcassets */,
				52A379B11D5A6321004CC56B /* LaunchScreen.storyboard */,
				52A379B41D5A6321004CC56B /* Info.plist */,
			);
			path = MotivationalQuotes;
			sourceTree = "<group>";
		};
/* End PBXGroup section */

/* Begin PBXNativeTarget section */
		52A379A41D5A6321004CC56B /* MotivationalQuotes */ = {
			isa = PBXNativeTarget;
			buildConfigurationList = 52A379B71D5A6321004CC56B /* Build configuration list for PBXNativeTarget "MotivationalQuotes" */;
			buildPhases = (
				52A379A11D5A6321004CC56B /* Sources */,
				52A379A21D5A6321004CC56B /* Frameworks */,
				52A379A31D5A6321004CC56B /* Resources */,
			);
			buildRules = (
			);
			dependencies = (
			);
			name = MotivationalQuotes;
			productName = MotivationalQuotes;
			productReference = 52A379A51D5A6321004CC56B /* MotivationalQuotes.app */;
			productType = "com.apple.product-type.application";
		};
/* End PBXNativeTarget section */

/* Begin PBXProject section */
		52A3799D1D5A6321004CC56B /* Project object */ = {
			isa = PBXProject;
			attributes = {
				LastSwiftUpdateCheck = 0730;
				LastUpgradeCheck = 0730;
				ORGANIZATIONNAME = "Developers Academy";
				TargetAttributes = {
					52A379A41D5A6321004CC56B = {
						CreatedOnToolsVersion = 7.3.1;
						DevelopmentTeam = D5SM4VR2F7;
						LastSwiftMigration = 0800;
					};
				};
			};
			buildConfigurationList = 52A379A01D5A6321004CC56B /* Build configuration list for PBXProject "motivationalquotes" */;
			compatibilityVersion = "Xcode 3.2";
			developmentRegion = English;
			hasScannedForEncodings = 0;
			knownRegions = (
				en,
				Base,
			);
			mainGroup = 52A3799C1D5A6321004CC56B;
			productRefGroup = 52A379A61D5A6321004CC56B /* Products */;
			projectDirPath = "";
			projectRoot = "";
			targets = (
				52A379A41D5A6321004CC56B /* MotivationalQuotes */,
			);
		};
/* End PBXProject section */

/* Begin PBXResourcesBuildPhase section */
		52A379A31D5A6321004CC56B /* Resources */ = {
			isa = PBXResourcesBuildPhase;
			buildActionMask = 2147483647;
			files = (
				52A379B31D5A6321004CC56B /* LaunchScreen.storyboard in Resources */,
				52A379B01D5A6321004CC56B /* Assets.xcassets in Resources */,
				52A379AE1D5A6321004CC56B /* Main.storyboard in Resources */,
			);
			runOnlyForDeploymentPostprocessing = 0;
		};
/* End PBXResourcesBuildPhase section */

/* Begin PBXSourcesBuildPhase section */
		52A379A11D5A6321004CC56B /* Sources */ = {
			isa = PBXSourcesBuildPhase;
			buildActionMask = 2147483647;
			files = (
				52A379AB1D5A6321004CC56B /* ViewController.swift in Sources */,
				52A379A91D5A6321004CC56B /* AppDelegate.swift in Sources */,
			);
			runOnlyForDeploymentPostprocessing = 0;
		};
/* End PBXSourcesBuildPhase section */

/* Begin PBXVariantGroup section */
		52A379AC1D5A6321004CC56B /* Main.storyboard */ = {
			isa = PBXVariantGroup;
			children = (
				52A379AD1D5A6321004CC56B /* Base */,
			);
			name = Main.storyboard;
			sourceTree = "<group>";
		};
		52A379B11D5A6321004CC56B /* LaunchScreen.storyboard */ = {
			isa = PBXVariantGroup;
			children = (
				52A379B21D5A6321004CC56B /* Base */,
			);
			name = LaunchScreen.storyboard;
			sourceTree = "<group>";
		};
/* End PBXVariantGroup section */

/* Begin XCBuildConfiguration section */
		52A379B51D5A6321004CC56B /* Debug */ = {
			isa = XCBuildConfiguration;
			buildSettings = {
				ALWAYS_SEARCH_USER_PATHS = NO;
				CLANG_ANALYZER_NONNULL = YES;
				CLANG_CXX_LANGUAGE_STANDARD = "gnu++0x";
				CLANG_CXX_LIBRARY = "libc++";
				CLANG_ENABLE_MODULES = YES;
				CLANG_ENABLE_OBJC_ARC = YES;
				CLANG_WARN_BOOL_CONVERSION = YES;
				CLANG_WARN_CONSTANT_CONVERSION = YES;
				CLANG_WARN_DIRECT_OBJC_ISA_USAGE = YES_ERROR;
				CLANG_WARN_EMPTY_BODY = YES;
				CLANG_WARN_ENUM_CONVERSION = YES;
				CLANG_WARN_INT_CONVERSION = YES;
				CLANG_WARN_OBJC_ROOT_CLASS = YES_ERROR;
				CLANG_WARN_UNREACHABLE_CODE = YES;
				CLANG_WARN__DUPLICATE_METHOD_MATCH = YES;
				"CODE_SIGN_IDENTITY[sdk=iphoneos*]" = "iPhone Developer";
				COPY_PHASE_STRIP = NO;
				DEBUG_INFORMATION_FORMAT = dwarf;
				ENABLE_STRICT_OBJC_MSGSEND = YES;
				ENABLE_TESTABILITY = YES;
				GCC_C_LANGUAGE_STANDARD = gnu99;
				GCC_DYNAMIC_NO_PIC = NO;
				GCC_NO_COMMON_BLOCKS = YES;
				GCC_OPTIMIZATION_LEVEL = 0;
				GCC_PREPROCESSOR_DEFINITIONS = (
					"DEBUG=1",
					"$(inherited)",
				);
				GCC_WARN_64_TO_32_BIT_CONVERSION = YES;
				GCC_WARN_ABOUT_RETURN_TYPE = YES_ERROR;
				GCC_WARN_UNDECLARED_SELECTOR = YES;
				GCC_WARN_UNINITIALIZED_AUTOS = YES_AGGRESSIVE;
				GCC_WARN_UNUSED_FUNCTION = YES;
				GCC_WARN_UNUSED_VARIABLE = YES;
				IPHONEOS_DEPLOYMENT_TARGET = 9.3;
				MTL_ENABLE_DEBUG_INFO = YES;
				ONLY_ACTIVE_ARCH = YES;
				SDKROOT = iphoneos;
				SWIFT_OPTIMIZATION_LEVEL = "-Onone";
				TARGETED_DEVICE_FAMILY = "1,2";
			};
			name = Debug;
		};
		52A379B61D5A6321004CC56B /* Release */ = {
			isa = XCBuildConfiguration;
			buildSettings = {
				ALWAYS_SEARCH_USER_PATHS = NO;
				CLANG_ANALYZER_NONNULL = YES;
				CLANG_CXX_LANGUAGE_STANDARD = "gnu++0x";
				CLANG_CXX_LIBRARY = "libc++";
				CLANG_ENABLE_MODULES = YES;
				CLANG_ENABLE_OBJC_ARC = YES;
				CLANG_WARN_BOOL_CONVERSION = YES;
				CLANG_WARN_CONSTANT_CONVERSION = YES;
				CLANG_WARN_DIRECT_OBJC_ISA_USAGE = YES_ERROR;
				CLANG_WARN_EMPTY_BODY = YES;
				CLANG_WARN_ENUM_CONVERSION = YES;
				CLANG_WARN_INT_CONVERSION = YES;
				CLANG_WARN_OBJC_ROOT_CLASS = YES_ERROR;
				CLANG_WARN_UNREACHABLE_CODE = YES;
				CLANG_WARN__DUPLICATE_METHOD_MATCH = YES;
				"CODE_SIGN_IDENTITY[sdk=iphoneos*]" = "iPhone Developer";
				COPY_PHASE_STRIP = NO;
				DEBUG_INFORMATION_FORMAT = "dwarf-with-dsym";
				ENABLE_NS_ASSERTIONS = NO;
				ENABLE_STRICT_OBJC_MSGSEND = YES;
				GCC_C_LANGUAGE_STANDARD = gnu99;
				GCC_NO_COMMON_BLOCKS = YES;
				GCC_WARN_64_TO_32_BIT_CONVERSION = YES;
				GCC_WARN_ABOUT_RETURN_TYPE = YES_ERROR;
				GCC_WARN_UNDECLARED_SELECTOR = YES;
				GCC_WARN_UNINITIALIZED_AUTOS = YES_AGGRESSIVE;
				GCC_WARN_UNUSED_FUNCTION = YES;
				GCC_WARN_UNUSED_VARIABLE = YES;
				IPHONEOS_DEPLOYMENT_TARGET = 9.3;
				MTL_ENABLE_DEBUG_INFO = NO;
				SDKROOT = iphoneos;
				TARGETED_DEVICE_FAMILY = "1,2";
				VALIDATE_PRODUCT = YES;
			};
			name = Release;
		};
		52A379B81D5A6321004CC56B /* Debug */ = {
			isa = XCBuildConfiguration;
			buildSettings = {
				ASSETCATALOG_COMPILER_APPICON_NAME = AppIcon;
				DEVELOPMENT_TEAM = D5SM4VR2F7;
				INFOPLIST_FILE = MotivationalQuotes/Info.plist;
				LD_RUNPATH_SEARCH_PATHS = "$(inherited) @executable_path/Frameworks";
				PRODUCT_BUNDLE_IDENTIFIER = io.developersacademy.MotivationalQuotes;
				PRODUCT_NAME = "$(TARGET_NAME)";
				SWIFT_VERSION = 3.0;
			};
			name = Debug;
		};
		52A379B91D5A6321004CC56B /* Release */ = {
			isa = XCBuildConfiguration;
			buildSettings = {
				ASSETCATALOG_COMPILER_APPICON_NAME = AppIcon;
				DEVELOPMENT_TEAM = D5SM4VR2F7;
				INFOPLIST_FILE = MotivationalQuotes/Info.plist;
				LD_RUNPATH_SEARCH_PATHS = "$(inherited) @executable_path/Frameworks";
				PRODUCT_BUNDLE_IDENTIFIER = io.developersacademy.MotivationalQuotes;
				PRODUCT_NAME = "$(TARGET_NAME)";
				SWIFT_VERSION = 3.0;
			};
			name = Release;
		};
/* End XCBuildConfiguration section */

/* Begin XCConfigurationList section */
		52A379A01D5A6321004CC56B /* Build configuration list for PBXProject "motivationalquotes" */ = {
			isa = XCConfigurationList;
			buildConfigurations = (
				52A379B51D5A6321004CC56B /* Debug */,
				52A379B61D5A6321004CC56B /* Release */,
			);
			defaultConfigurationIsVisible = 0;
			defaultConfigurationName = Release;
		};
		52A379B71D5A6321004CC56B /* Build configuration list for PBXNativeTarget "MotivationalQuotes" */ = {
			isa = XCConfigurationList;
			buildConfigurations = (
				52A379B81D5A6321004CC56B /* Debug */,
				52A379B91D5A6321004CC56B /* Release */,
			);
			defaultConfigurationIsVisible = 0;
			defaultConfigurationName = Release;
		};
/* End XCConfigurationList section */
	};
	rootObject = 52A3799D1D5A6321004CC56B /* Project object */;
}
