// !$*UTF8*$!
{
	archiveVersion = 1;
	classes = {
	};
	objectVersion = 48;
	objects = {

/* Begin PBXBuildFile section */
		7A9123031FFDDD4800C54CA1 /* Course.swift in Sources */ = {isa = PBXBuildFile; fileRef = 7A9123021FFDDD4800C54CA1 /* Course.swift */; };
		7A9123051FFDDFD800C54CA1 /* CourseStore.swift in Sources */ = {isa = PBXBuildFile; fileRef = 7A9123041FFDDFD800C54CA1 /* CourseStore.swift */; };
		7A9C8B562005BA7C00AFA8AD /* CourseDetailViewController.swift in Sources */ = {isa = PBXBuildFile; fileRef = 7A9C8B552005BA7C00AFA8AD /* CourseDetailViewController.swift */; };
		7AE3B25B2012FBE000CA8C94 /* YTPlayer.html in Resources */ = {isa = PBXBuildFile; fileRef = 7AE3B25A2012FBDF00CA8C94 /* YTPlayer.html */; };
		7AEC6FE42011B6D80033F7AD /* YouTubePlayer.swift in Sources */ = {isa = PBXBuildFile; fileRef = 7AEC6FE32011B6D80033F7AD /* YouTubePlayer.swift */; };
		7AEC6FE62011B7520033F7AD /* YoutubePlayerViewController.swift in Sources */ = {isa = PBXBuildFile; fileRef = 7AEC6FE52011B7520033F7AD /* YoutubePlayerViewController.swift */; };
		7AEE2F55200301160057A7FA /* CoursesViewController.swift in Sources */ = {isa = PBXBuildFile; fileRef = 7AEE2F54200301160057A7FA /* CoursesViewController.swift */; };
		7AF036602012F1A40047D414 /* PlayerViewController.swift in Sources */ = {isa = PBXBuildFile; fileRef = 7AF0365F2012F1A40047D414 /* PlayerViewController.swift */; };
		7AF0D5121FFDD1DB002EF77F /* AppDelegate.swift in Sources */ = {isa = PBXBuildFile; fileRef = 7AF0D5111FFDD1DB002EF77F /* AppDelegate.swift */; };
		7AF0D5171FFDD1DB002EF77F /* Main.storyboard in Resources */ = {isa = PBXBuildFile; fileRef = 7AF0D5151FFDD1DB002EF77F /* Main.storyboard */; };
		7AF0D5191FFDD1DB002EF77F /* Assets.xcassets in Resources */ = {isa = PBXBuildFile; fileRef = 7AF0D5181FFDD1DB002EF77F /* Assets.xcassets */; };
		7AF0D51C1FFDD1DB002EF77F /* LaunchScreen.storyboard in Resources */ = {isa = PBXBuildFile; fileRef = 7AF0D51A1FFDD1DB002EF77F /* LaunchScreen.storyboard */; };
/* End PBXBuildFile section */

/* Begin PBXFileReference section */
		7A9123021FFDDD4800C54CA1 /* Course.swift */ = {isa = PBXFileReference; lastKnownFileType = sourcecode.swift; path = Course.swift; sourceTree = "<group>"; };
		7A9123041FFDDFD800C54CA1 /* CourseStore.swift */ = {isa = PBXFileReference; lastKnownFileType = sourcecode.swift; path = CourseStore.swift; sourceTree = "<group>"; };
		7A9C8B552005BA7C00AFA8AD /* CourseDetailViewController.swift */ = {isa = PBXFileReference; lastKnownFileType = sourcecode.swift; path = CourseDetailViewController.swift; sourceTree = "<group>"; };
		7AE3B25A2012FBDF00CA8C94 /* YTPlayer.html */ = {isa = PBXFileReference; fileEncoding = 4; lastKnownFileType = text.html; path = YTPlayer.html; sourceTree = "<group>"; };
		7AEC6FE32011B6D80033F7AD /* YouTubePlayer.swift */ = {isa = PBXFileReference; fileEncoding = 4; lastKnownFileType = sourcecode.swift; path = YouTubePlayer.swift; sourceTree = "<group>"; };
		7AEC6FE52011B7520033F7AD /* YoutubePlayerViewController.swift */ = {isa = PBXFileReference; fileEncoding = 4; lastKnownFileType = sourcecode.swift; path = YoutubePlayerViewController.swift; sourceTree = "<group>"; };
		7AEE2F54200301160057A7FA /* CoursesViewController.swift */ = {isa = PBXFileReference; lastKnownFileType = sourcecode.swift; path = CoursesViewController.swift; sourceTree = "<group>"; };
		7AF0365F2012F1A40047D414 /* PlayerViewController.swift */ = {isa = PBXFileReference; lastKnownFileType = sourcecode.swift; path = PlayerViewController.swift; sourceTree = "<group>"; };
		7AF0D50E1FFDD1DB002EF77F /* Coursee.app */ = {isa = PBXFileReference; explicitFileType = wrapper.application; includeInIndex = 0; path = Coursee.app; sourceTree = BUILT_PRODUCTS_DIR; };
		7AF0D5111FFDD1DB002EF77F /* AppDelegate.swift */ = {isa = PBXFileReference; lastKnownFileType = sourcecode.swift; path = AppDelegate.swift; sourceTree = "<group>"; };
		7AF0D5161FFDD1DB002EF77F /* Base */ = {isa = PBXFileReference; lastKnownFileType = file.storyboard; name = Base; path = Base.lproj/Main.storyboard; sourceTree = "<group>"; };
		7AF0D5181FFDD1DB002EF77F /* Assets.xcassets */ = {isa = PBXFileReference; lastKnownFileType = folder.assetcatalog; path = Assets.xcassets; sourceTree = "<group>"; };
		7AF0D51B1FFDD1DB002EF77F /* Base */ = {isa = PBXFileReference; lastKnownFileType = file.storyboard; name = Base; path = Base.lproj/LaunchScreen.storyboard; sourceTree = "<group>"; };
		7AF0D51D1FFDD1DB002EF77F /* Info.plist */ = {isa = PBXFileReference; lastKnownFileType = text.plist.xml; path = Info.plist; sourceTree = "<group>"; };
/* End PBXFileReference section */

/* Begin PBXFrameworksBuildPhase section */
		7AF0D50B1FFDD1DB002EF77F /* Frameworks */ = {
			isa = PBXFrameworksBuildPhase;
			buildActionMask = 2147483647;
			files = (
			);
			runOnlyForDeploymentPostprocessing = 0;
		};
/* End PBXFrameworksBuildPhase section */

/* Begin PBXGroup section */
		7AC2FEEC200DA962003B0015 /* YoutubePlayer */ = {
			isa = PBXGroup;
			children = (
				7AEC6FE52011B7520033F7AD /* YoutubePlayerViewController.swift */,
				7AEC6FE32011B6D80033F7AD /* YouTubePlayer.swift */,
				7AE3B25A2012FBDF00CA8C94 /* YTPlayer.html */,
			);
			name = YoutubePlayer;
			path = ../../../../YoutubePlayer;
			sourceTree = "<group>";
		};
		7AEE2F56200302F00057A7FA /* Model */ = {
			isa = PBXGroup;
			children = (
				7A9123021FFDDD4800C54CA1 /* Course.swift */,
				7A9123041FFDDFD800C54CA1 /* CourseStore.swift */,
			);
			path = Model;
			sourceTree = "<group>";
		};
		7AEE2F572003036B0057A7FA /* View */ = {
			isa = PBXGroup;
			children = (
				7AC2FEEC200DA962003B0015 /* YoutubePlayer */,
				7AF0D5151FFDD1DB002EF77F /* Main.storyboard */,
			);
			path = View;
			sourceTree = "<group>";
		};
		7AEE2F58200303780057A7FA /* Controller */ = {
			isa = PBXGroup;
			children = (
				7AEE2F54200301160057A7FA /* CoursesViewController.swift */,
				7A9C8B552005BA7C00AFA8AD /* CourseDetailViewController.swift */,
				7AF0365F2012F1A40047D414 /* PlayerViewController.swift */,
			);
			path = Controller;
			sourceTree = "<group>";
		};
		7AF0D5051FFDD1DB002EF77F = {
			isa = PBXGroup;
			children = (
				7AF0D5101FFDD1DB002EF77F /* Coursee */,
				7AF0D50F1FFDD1DB002EF77F /* Products */,
			);
			sourceTree = "<group>";
		};
		7AF0D50F1FFDD1DB002EF77F /* Products */ = {
			isa = PBXGroup;
			children = (
				7AF0D50E1FFDD1DB002EF77F /* Coursee.app */,
			);
			name = Products;
			sourceTree = "<group>";
		};
		7AF0D5101FFDD1DB002EF77F /* Coursee */ = {
			isa = PBXGroup;
			children = (
				7AF0D5111FFDD1DB002EF77F /* AppDelegate.swift */,
				7AEE2F56200302F00057A7FA /* Model */,
				7AEE2F572003036B0057A7FA /* View */,
				7AEE2F58200303780057A7FA /* Controller */,
				7AF0D5181FFDD1DB002EF77F /* Assets.xcassets */,
				7AF0D51A1FFDD1DB002EF77F /* LaunchScreen.storyboard */,
				7AF0D51D1FFDD1DB002EF77F /* Info.plist */,
			);
			path = Coursee;
			sourceTree = "<group>";
		};
/* End PBXGroup section */

/* Begin PBXNativeTarget section */
		7AF0D50D1FFDD1DB002EF77F /* Coursee */ = {
			isa = PBXNativeTarget;
			buildConfigurationList = 7AF0D5201FFDD1DB002EF77F /* Build configuration list for PBXNativeTarget "Coursee" */;
			buildPhases = (
				7AF0D50A1FFDD1DB002EF77F /* Sources */,
				7AF0D50B1FFDD1DB002EF77F /* Frameworks */,
				7AF0D50C1FFDD1DB002EF77F /* Resources */,
			);
			buildRules = (
			);
			dependencies = (
			);
			name = Coursee;
			productName = Coursee;
			productReference = 7AF0D50E1FFDD1DB002EF77F /* Coursee.app */;
			productType = "com.apple.product-type.application";
		};
/* End PBXNativeTarget section */

/* Begin PBXProject section */
		7AF0D5061FFDD1DB002EF77F /* Project object */ = {
			isa = PBXProject;
			attributes = {
				LastSwiftUpdateCheck = 0900;
				LastUpgradeCheck = 0900;
				ORGANIZATIONNAME = "Reginald Augustin";
				TargetAttributes = {
					7AF0D50D1FFDD1DB002EF77F = {
						CreatedOnToolsVersion = 9.0.1;
						ProvisioningStyle = Automatic;
					};
				};
			};
			buildConfigurationList = 7AF0D5091FFDD1DB002EF77F /* Build configuration list for PBXProject "Coursee" */;
			compatibilityVersion = "Xcode 8.0";
			developmentRegion = en;
			hasScannedForEncodings = 0;
			knownRegions = (
				en,
				Base,
			);
			mainGroup = 7AF0D5051FFDD1DB002EF77F;
			productRefGroup = 7AF0D50F1FFDD1DB002EF77F /* Products */;
			projectDirPath = "";
			projectRoot = "";
			targets = (
				7AF0D50D1FFDD1DB002EF77F /* Coursee */,
			);
		};
/* End PBXProject section */

/* Begin PBXResourcesBuildPhase section */
		7AF0D50C1FFDD1DB002EF77F /* Resources */ = {
			isa = PBXResourcesBuildPhase;
			buildActionMask = 2147483647;
			files = (
				7AF0D51C1FFDD1DB002EF77F /* LaunchScreen.storyboard in Resources */,
				7AF0D5191FFDD1DB002EF77F /* Assets.xcassets in Resources */,
				7AE3B25B2012FBE000CA8C94 /* YTPlayer.html in Resources */,
				7AF0D5171FFDD1DB002EF77F /* Main.storyboard in Resources */,
			);
			runOnlyForDeploymentPostprocessing = 0;
		};
/* End PBXResourcesBuildPhase section */

/* Begin PBXSourcesBuildPhase section */
		7AF0D50A1FFDD1DB002EF77F /* Sources */ = {
			isa = PBXSourcesBuildPhase;
			buildActionMask = 2147483647;
			files = (
				7AEC6FE42011B6D80033F7AD /* YouTubePlayer.swift in Sources */,
				7AF036602012F1A40047D414 /* PlayerViewController.swift in Sources */,
				7A9C8B562005BA7C00AFA8AD /* CourseDetailViewController.swift in Sources */,
				7A9123031FFDDD4800C54CA1 /* Course.swift in Sources */,
				7A9123051FFDDFD800C54CA1 /* CourseStore.swift in Sources */,
				7AF0D5121FFDD1DB002EF77F /* AppDelegate.swift in Sources */,
				7AEE2F55200301160057A7FA /* CoursesViewController.swift in Sources */,
				7AEC6FE62011B7520033F7AD /* YoutubePlayerViewController.swift in Sources */,
			);
			runOnlyForDeploymentPostprocessing = 0;
		};
/* End PBXSourcesBuildPhase section */

/* Begin PBXVariantGroup section */
		7AF0D5151FFDD1DB002EF77F /* Main.storyboard */ = {
			isa = PBXVariantGroup;
			children = (
				7AF0D5161FFDD1DB002EF77F /* Base */,
			);
			name = Main.storyboard;
			sourceTree = "<group>";
		};
		7AF0D51A1FFDD1DB002EF77F /* LaunchScreen.storyboard */ = {
			isa = PBXVariantGroup;
			children = (
				7AF0D51B1FFDD1DB002EF77F /* Base */,
			);
			name = LaunchScreen.storyboard;
			sourceTree = "<group>";
		};
/* End PBXVariantGroup section */

/* Begin XCBuildConfiguration section */
		7AF0D51E1FFDD1DB002EF77F /* Debug */ = {
			isa = XCBuildConfiguration;
			buildSettings = {
				ALWAYS_SEARCH_USER_PATHS = NO;
				CLANG_ANALYZER_NONNULL = YES;
				CLANG_ANALYZER_NUMBER_OBJECT_CONVERSION = YES_AGGRESSIVE;
				CLANG_CXX_LANGUAGE_STANDARD = "gnu++14";
				CLANG_CXX_LIBRARY = "libc++";
				CLANG_ENABLE_MODULES = YES;
				CLANG_ENABLE_OBJC_ARC = YES;
				CLANG_WARN_BLOCK_CAPTURE_AUTORELEASING = YES;
				CLANG_WARN_BOOL_CONVERSION = YES;
				CLANG_WARN_COMMA = YES;
				CLANG_WARN_CONSTANT_CONVERSION = YES;
				CLANG_WARN_DIRECT_OBJC_ISA_USAGE = YES_ERROR;
				CLANG_WARN_DOCUMENTATION_COMMENTS = YES;
				CLANG_WARN_EMPTY_BODY = YES;
				CLANG_WARN_ENUM_CONVERSION = YES;
				CLANG_WARN_INFINITE_RECURSION = YES;
				CLANG_WARN_INT_CONVERSION = YES;
				CLANG_WARN_NON_LITERAL_NULL_CONVERSION = YES;
				CLANG_WARN_OBJC_LITERAL_CONVERSION = YES;
				CLANG_WARN_OBJC_ROOT_CLASS = YES_ERROR;
				CLANG_WARN_RANGE_LOOP_ANALYSIS = YES;
				CLANG_WARN_STRICT_PROTOTYPES = YES;
				CLANG_WARN_SUSPICIOUS_MOVE = YES;
				CLANG_WARN_UNGUARDED_AVAILABILITY = YES_AGGRESSIVE;
				CLANG_WARN_UNREACHABLE_CODE = YES;
				CLANG_WARN__DUPLICATE_METHOD_MATCH = YES;
				CODE_SIGN_IDENTITY = "iPhone Developer";
				COPY_PHASE_STRIP = NO;
				DEBUG_INFORMATION_FORMAT = dwarf;
				ENABLE_STRICT_OBJC_MSGSEND = YES;
				ENABLE_TESTABILITY = YES;
				GCC_C_LANGUAGE_STANDARD = gnu11;
				GCC_DYNAMIC_NO_PIC = NO;
				GCC_NO_COMMON_BLOCKS = YES;
				GCC_OPTIMIZATION_LEVEL = 0;
				GCC_PREPROCESSOR_DEFINITIONS = (
					"DEBUG=1",
					"$(inherited)",
				);
				GCC_WARN_64_TO_32_BIT_CONVERSION = YES;
				GCC_WARN_ABOUT_RETURN_TYPE = YES_ERROR;
				GCC_WARN_UNDECLARED_SELECTOR = YES;
				GCC_WARN_UNINITIALIZED_AUTOS = YES_AGGRESSIVE;
				GCC_WARN_UNUSED_FUNCTION = YES;
				GCC_WARN_UNUSED_VARIABLE = YES;
				IPHONEOS_DEPLOYMENT_TARGET = 11.0;
				MTL_ENABLE_DEBUG_INFO = YES;
				ONLY_ACTIVE_ARCH = YES;
				SDKROOT = iphoneos;
				SWIFT_ACTIVE_COMPILATION_CONDITIONS = DEBUG;
				SWIFT_OPTIMIZATION_LEVEL = "-Onone";
			};
			name = Debug;
		};
		7AF0D51F1FFDD1DB002EF77F /* Release */ = {
			isa = XCBuildConfiguration;
			buildSettings = {
				ALWAYS_SEARCH_USER_PATHS = NO;
				CLANG_ANALYZER_NONNULL = YES;
				CLANG_ANALYZER_NUMBER_OBJECT_CONVERSION = YES_AGGRESSIVE;
				CLANG_CXX_LANGUAGE_STANDARD = "gnu++14";
				CLANG_CXX_LIBRARY = "libc++";
				CLANG_ENABLE_MODULES = YES;
				CLANG_ENABLE_OBJC_ARC = YES;
				CLANG_WARN_BLOCK_CAPTURE_AUTORELEASING = YES;
				CLANG_WARN_BOOL_CONVERSION = YES;
				CLANG_WARN_COMMA = YES;
				CLANG_WARN_CONSTANT_CONVERSION = YES;
				CLANG_WARN_DIRECT_OBJC_ISA_USAGE = YES_ERROR;
				CLANG_WARN_DOCUMENTATION_COMMENTS = YES;
				CLANG_WARN_EMPTY_BODY = YES;
				CLANG_WARN_ENUM_CONVERSION = YES;
				CLANG_WARN_INFINITE_RECURSION = YES;
				CLANG_WARN_INT_CONVERSION = YES;
				CLANG_WARN_NON_LITERAL_NULL_CONVERSION = YES;
				CLANG_WARN_OBJC_LITERAL_CONVERSION = YES;
				CLANG_WARN_OBJC_ROOT_CLASS = YES_ERROR;
				CLANG_WARN_RANGE_LOOP_ANALYSIS = YES;
				CLANG_WARN_STRICT_PROTOTYPES = YES;
				CLANG_WARN_SUSPICIOUS_MOVE = YES;
				CLANG_WARN_UNGUARDED_AVAILABILITY = YES_AGGRESSIVE;
				CLANG_WARN_UNREACHABLE_CODE = YES;
				CLANG_WARN__DUPLICATE_METHOD_MATCH = YES;
				CODE_SIGN_IDENTITY = "iPhone Developer";
				COPY_PHASE_STRIP = NO;
				DEBUG_INFORMATION_FORMAT = "dwarf-with-dsym";
				ENABLE_NS_ASSERTIONS = NO;
				ENABLE_STRICT_OBJC_MSGSEND = YES;
				GCC_C_LANGUAGE_STANDARD = gnu11;
				GCC_NO_COMMON_BLOCKS = YES;
				GCC_WARN_64_TO_32_BIT_CONVERSION = YES;
				GCC_WARN_ABOUT_RETURN_TYPE = YES_ERROR;
				GCC_WARN_UNDECLARED_SELECTOR = YES;
				GCC_WARN_UNINITIALIZED_AUTOS = YES_AGGRESSIVE;
				GCC_WARN_UNUSED_FUNCTION = YES;
				GCC_WARN_UNUSED_VARIABLE = YES;
				IPHONEOS_DEPLOYMENT_TARGET = 11.0;
				MTL_ENABLE_DEBUG_INFO = NO;
				SDKROOT = iphoneos;
				SWIFT_OPTIMIZATION_LEVEL = "-Owholemodule";
				VALIDATE_PRODUCT = YES;
			};
			name = Release;
		};
		7AF0D5211FFDD1DB002EF77F /* Debug */ = {
			isa = XCBuildConfiguration;
			buildSettings = {
				ASSETCATALOG_COMPILER_APPICON_NAME = AppIcon;
				CODE_SIGN_STYLE = Automatic;
				DEVELOPMENT_TEAM = D5SM4VR2F7;
				INFOPLIST_FILE = Coursee/Info.plist;
				LD_RUNPATH_SEARCH_PATHS = "$(inherited) @executable_path/Frameworks";
				PRODUCT_BUNDLE_IDENTIFIER = com.QMee.Coursee;
				PRODUCT_NAME = "$(TARGET_NAME)";
				SWIFT_VERSION = 4.0;
				TARGETED_DEVICE_FAMILY = "1,2";
			};
			name = Debug;
		};
		7AF0D5221FFDD1DB002EF77F /* Release */ = {
			isa = XCBuildConfiguration;
			buildSettings = {
				ASSETCATALOG_COMPILER_APPICON_NAME = AppIcon;
				CODE_SIGN_STYLE = Automatic;
				DEVELOPMENT_TEAM = D5SM4VR2F7;
				INFOPLIST_FILE = Coursee/Info.plist;
				LD_RUNPATH_SEARCH_PATHS = "$(inherited) @executable_path/Frameworks";
				PRODUCT_BUNDLE_IDENTIFIER = com.QMee.Coursee;
				PRODUCT_NAME = "$(TARGET_NAME)";
				SWIFT_VERSION = 4.0;
				TARGETED_DEVICE_FAMILY = "1,2";
			};
			name = Release;
		};
/* End XCBuildConfiguration section */

/* Begin XCConfigurationList section */
		7AF0D5091FFDD1DB002EF77F /* Build configuration list for PBXProject "Coursee" */ = {
			isa = XCConfigurationList;
			buildConfigurations = (
				7AF0D51E1FFDD1DB002EF77F /* Debug */,
				7AF0D51F1FFDD1DB002EF77F /* Release */,
			);
			defaultConfigurationIsVisible = 0;
			defaultConfigurationName = Release;
		};
		7AF0D5201FFDD1DB002EF77F /* Build configuration list for PBXNativeTarget "Coursee" */ = {
			isa = XCConfigurationList;
			buildConfigurations = (
				7AF0D5211FFDD1DB002EF77F /* Debug */,
				7AF0D5221FFDD1DB002EF77F /* Release */,
			);
			defaultConfigurationIsVisible = 0;
			defaultConfigurationName = Release;
		};
/* End XCConfigurationList section */
	};
	rootObject = 7AF0D5061FFDD1DB002EF77F /* Project object */;
}
